// !$*UTF8*$!
{
	archiveVersion = 1;
	classes = {
	};
	objectVersion = 46;
	objects = {

/* Begin PBXBuildFile section */
		DA000F001C36524E00FD3667 /* LaunchImage.jpg in Resources */ = {isa = PBXBuildFile; fileRef = DA000EFF1C36524E00FD3667 /* LaunchImage.jpg */; };
		DA000F021C3682D900FD3667 /* LastSession.swift in Sources */ = {isa = PBXBuildFile; fileRef = DA000F011C3682D900FD3667 /* LastSession.swift */; };
		DA000F041C369A5B00FD3667 /* StoreKit.framework in Frameworks */ = {isa = PBXBuildFile; fileRef = DA000F031C369A5B00FD3667 /* StoreKit.framework */; };
		DA27D5471C0C9C62001A132D /* AppDelegate.swift in Sources */ = {isa = PBXBuildFile; fileRef = DA27D5461C0C9C62001A132D /* AppDelegate.swift */; };
		DA27D5491C0C9C62001A132D /* HomeViewController.swift in Sources */ = {isa = PBXBuildFile; fileRef = DA27D5481C0C9C62001A132D /* HomeViewController.swift */; };
		DA27D54B1C0C9C62001A132D /* BoozeTrackerViewController.swift in Sources */ = {isa = PBXBuildFile; fileRef = DA27D54A1C0C9C62001A132D /* BoozeTrackerViewController.swift */; };
		DA27D54E1C0C9C62001A132D /* Main.storyboard in Resources */ = {isa = PBXBuildFile; fileRef = DA27D54C1C0C9C62001A132D /* Main.storyboard */; };
		DA27D5501C0C9C62001A132D /* Assets.xcassets in Resources */ = {isa = PBXBuildFile; fileRef = DA27D54F1C0C9C62001A132D /* Assets.xcassets */; };
		DA27D5531C0C9C62001A132D /* LaunchScreen.storyboard in Resources */ = {isa = PBXBuildFile; fileRef = DA27D5511C0C9C62001A132D /* LaunchScreen.storyboard */; };
		DA27D55E1C0C9C62001A132D /* Booze_TrackerTests.swift in Sources */ = {isa = PBXBuildFile; fileRef = DA27D55D1C0C9C62001A132D /* Booze_TrackerTests.swift */; };
		DA27D5691C0C9C62001A132D /* Booze_TrackerUITests.swift in Sources */ = {isa = PBXBuildFile; fileRef = DA27D5681C0C9C62001A132D /* Booze_TrackerUITests.swift */; };
		DA27D57B1C0CA43D001A132D /* SettingsViewController.swift in Sources */ = {isa = PBXBuildFile; fileRef = DA27D57A1C0CA43D001A132D /* SettingsViewController.swift */; };
		DA4475211C15CEA3004ABC04 /* iAd.framework in Frameworks */ = {isa = PBXBuildFile; fileRef = DA4475201C15CEA3004ABC04 /* iAd.framework */; };
		DA5DAEF01C30BC280014A4F7 /* PriceList.swift in Sources */ = {isa = PBXBuildFile; fileRef = DA5DAEEF1C30BC280014A4F7 /* PriceList.swift */; };
		DA73ECCC1C1F0A9E00E1B2A4 /* CoreData.framework in Frameworks */ = {isa = PBXBuildFile; fileRef = DA73ECCB1C1F0A9E00E1B2A4 /* CoreData.framework */; };
		DA78340F1C1C38C900A767E3 /* SessionPrice.swift in Sources */ = {isa = PBXBuildFile; fileRef = DA78340E1C1C38C900A767E3 /* SessionPrice.swift */; };
		DA8E67161C324D1A00A2BCB6 /* CoreGraphics.framework in Frameworks */ = {isa = PBXBuildFile; fileRef = DA8E67151C324D1A00A2BCB6 /* CoreGraphics.framework */; };
		DA8E67181C324D2200A2BCB6 /* UIKit.framework in Frameworks */ = {isa = PBXBuildFile; fileRef = DA8E67171C324D2200A2BCB6 /* UIKit.framework */; };
		DA8E671A1C324D2A00A2BCB6 /* Foundation.framework in Frameworks */ = {isa = PBXBuildFile; fileRef = DA8E67191C324D2A00A2BCB6 /* Foundation.framework */; };
		DA8E671C1C32614600A2BCB6 /* Social.framework in Frameworks */ = {isa = PBXBuildFile; fileRef = DA8E671B1C32614600A2BCB6 /* Social.framework */; };
		DA8E671F1C326A6600A2BCB6 /* facebook.png in Resources */ = {isa = PBXBuildFile; fileRef = DA8E671E1C326A6600A2BCB6 /* facebook.png */; };
		DA8E67211C326A7000A2BCB6 /* Twitter.jpg in Resources */ = {isa = PBXBuildFile; fileRef = DA8E67201C326A7000A2BCB6 /* Twitter.jpg */; };
		DA8E67231C32747600A2BCB6 /* cog_01@2x.png in Resources */ = {isa = PBXBuildFile; fileRef = DA8E67221C32747600A2BCB6 /* cog_01@2x.png */; };
		DA8E67251C3274D500A2BCB6 /* house@2x.png in Resources */ = {isa = PBXBuildFile; fileRef = DA8E67241C3274D500A2BCB6 /* house@2x.png */; };
		DA8E67271C32753300A2BCB6 /* pacman@2x.png in Resources */ = {isa = PBXBuildFile; fileRef = DA8E67261C32753300A2BCB6 /* pacman@2x.png */; };
		DA8E67291C3420E200A2BCB6 /* Icon180x180.png in Resources */ = {isa = PBXBuildFile; fileRef = DA8E67281C3420E200A2BCB6 /* Icon180x180.png */; };
		DA8E673C1C3425F800A2BCB6 /* Icon60x60.png in Resources */ = {isa = PBXBuildFile; fileRef = DA8E672A1C3425F800A2BCB6 /* Icon60x60.png */; };
		DA8E673F1C3425F800A2BCB6 /* Icon76x76.png in Resources */ = {isa = PBXBuildFile; fileRef = DA8E672D1C3425F800A2BCB6 /* Icon76x76.png */; };
		DA8E67421C3425F800A2BCB6 /* Icon80x80.png in Resources */ = {isa = PBXBuildFile; fileRef = DA8E67301C3425F800A2BCB6 /* Icon80x80.png */; };
		DA8E67451C3425F800A2BCB6 /* Icon120x120.png in Resources */ = {isa = PBXBuildFile; fileRef = DA8E67331C3425F800A2BCB6 /* Icon120x120.png */; };
		DA8E67481C3425F800A2BCB6 /* Icon152x152.png in Resources */ = {isa = PBXBuildFile; fileRef = DA8E67361C3425F800A2BCB6 /* Icon152x152.png */; };
		DA8E674B1C3425F800A2BCB6 /* Icon167x167.png in Resources */ = {isa = PBXBuildFile; fileRef = DA8E67391C3425F800A2BCB6 /* Icon167x167.png */; };
		DA8E67551C34260B00A2BCB6 /* Icon1024x1024.png in Resources */ = {isa = PBXBuildFile; fileRef = DA8E67501C34260B00A2BCB6 /* Icon1024x1024.png */; };
		DA8E675B1C34294500A2BCB6 /* Icon40x40.png in Resources */ = {isa = PBXBuildFile; fileRef = DA8E67581C34294500A2BCB6 /* Icon40x40.png */; };
		DA8E67611C3429F100A2BCB6 /* Icon29x29.png in Resources */ = {isa = PBXBuildFile; fileRef = DA8E675E1C3429F100A2BCB6 /* Icon29x29.png */; };
		DA8E67651C342C0800A2BCB6 /* Icon58x58.png in Resources */ = {isa = PBXBuildFile; fileRef = DA8E67641C342C0800A2BCB6 /* Icon58x58.png */; };
		DA8E67671C342C7700A2BCB6 /* Icon87x87.png in Resources */ = {isa = PBXBuildFile; fileRef = DA8E67661C342C7700A2BCB6 /* Icon87x87.png */; };
/* End PBXBuildFile section */

/* Begin PBXContainerItemProxy section */
		DA27D55A1C0C9C62001A132D /* PBXContainerItemProxy */ = {
			isa = PBXContainerItemProxy;
			containerPortal = DA27D53B1C0C9C61001A132D /* Project object */;
			proxyType = 1;
			remoteGlobalIDString = DA27D5421C0C9C62001A132D;
			remoteInfo = "Booze Tracker";
		};
		DA27D5651C0C9C62001A132D /* PBXContainerItemProxy */ = {
			isa = PBXContainerItemProxy;
			containerPortal = DA27D53B1C0C9C61001A132D /* Project object */;
			proxyType = 1;
			remoteGlobalIDString = DA27D5421C0C9C62001A132D;
			remoteInfo = "Booze Tracker";
		};
/* End PBXContainerItemProxy section */

/* Begin PBXFileReference section */
		DA000EFF1C36524E00FD3667 /* LaunchImage.jpg */ = {isa = PBXFileReference; lastKnownFileType = image.jpeg; name = LaunchImage.jpg; path = Images/LaunchImage.jpg; sourceTree = "<group>"; };
		DA000F011C3682D900FD3667 /* LastSession.swift */ = {isa = PBXFileReference; fileEncoding = 4; lastKnownFileType = sourcecode.swift; path = LastSession.swift; sourceTree = "<group>"; };
		DA000F031C369A5B00FD3667 /* StoreKit.framework */ = {isa = PBXFileReference; lastKnownFileType = wrapper.framework; name = StoreKit.framework; path = System/Library/Frameworks/StoreKit.framework; sourceTree = SDKROOT; };
		DA27D5431C0C9C62001A132D /* Booze Tracker.app */ = {isa = PBXFileReference; explicitFileType = wrapper.application; includeInIndex = 0; path = "Booze Tracker.app"; sourceTree = BUILT_PRODUCTS_DIR; };
		DA27D5461C0C9C62001A132D /* AppDelegate.swift */ = {isa = PBXFileReference; lastKnownFileType = sourcecode.swift; path = AppDelegate.swift; sourceTree = "<group>"; };
		DA27D5481C0C9C62001A132D /* HomeViewController.swift */ = {isa = PBXFileReference; lastKnownFileType = sourcecode.swift; path = HomeViewController.swift; sourceTree = "<group>"; };
		DA27D54A1C0C9C62001A132D /* BoozeTrackerViewController.swift */ = {isa = PBXFileReference; lastKnownFileType = sourcecode.swift; path = BoozeTrackerViewController.swift; sourceTree = "<group>"; };
		DA27D54D1C0C9C62001A132D /* Base */ = {isa = PBXFileReference; lastKnownFileType = file.storyboard; name = Base; path = Base.lproj/Main.storyboard; sourceTree = "<group>"; };
		DA27D54F1C0C9C62001A132D /* Assets.xcassets */ = {isa = PBXFileReference; lastKnownFileType = folder.assetcatalog; path = Assets.xcassets; sourceTree = "<group>"; };
		DA27D5521C0C9C62001A132D /* Base */ = {isa = PBXFileReference; lastKnownFileType = file.storyboard; name = Base; path = Base.lproj/LaunchScreen.storyboard; sourceTree = "<group>"; };
		DA27D5541C0C9C62001A132D /* Info.plist */ = {isa = PBXFileReference; lastKnownFileType = text.plist.xml; path = Info.plist; sourceTree = "<group>"; };
		DA27D5591C0C9C62001A132D /* Booze TrackerTests.xctest */ = {isa = PBXFileReference; explicitFileType = wrapper.cfbundle; includeInIndex = 0; path = "Booze TrackerTests.xctest"; sourceTree = BUILT_PRODUCTS_DIR; };
		DA27D55D1C0C9C62001A132D /* Booze_TrackerTests.swift */ = {isa = PBXFileReference; lastKnownFileType = sourcecode.swift; path = Booze_TrackerTests.swift; sourceTree = "<group>"; };
		DA27D55F1C0C9C62001A132D /* Info.plist */ = {isa = PBXFileReference; lastKnownFileType = text.plist.xml; path = Info.plist; sourceTree = "<group>"; };
		DA27D5641C0C9C62001A132D /* Booze TrackerUITests.xctest */ = {isa = PBXFileReference; explicitFileType = wrapper.cfbundle; includeInIndex = 0; path = "Booze TrackerUITests.xctest"; sourceTree = BUILT_PRODUCTS_DIR; };
		DA27D5681C0C9C62001A132D /* Booze_TrackerUITests.swift */ = {isa = PBXFileReference; lastKnownFileType = sourcecode.swift; path = Booze_TrackerUITests.swift; sourceTree = "<group>"; };
		DA27D56A1C0C9C62001A132D /* Info.plist */ = {isa = PBXFileReference; lastKnownFileType = text.plist.xml; path = Info.plist; sourceTree = "<group>"; };
		DA27D57A1C0CA43D001A132D /* SettingsViewController.swift */ = {isa = PBXFileReference; fileEncoding = 4; lastKnownFileType = sourcecode.swift; path = SettingsViewController.swift; sourceTree = "<group>"; };
		DA4475201C15CEA3004ABC04 /* iAd.framework */ = {isa = PBXFileReference; lastKnownFileType = wrapper.framework; name = iAd.framework; path = System/Library/Frameworks/iAd.framework; sourceTree = SDKROOT; };
		DA5DAEEF1C30BC280014A4F7 /* PriceList.swift */ = {isa = PBXFileReference; fileEncoding = 4; lastKnownFileType = sourcecode.swift; path = PriceList.swift; sourceTree = "<group>"; };
		DA73ECCB1C1F0A9E00E1B2A4 /* CoreData.framework */ = {isa = PBXFileReference; lastKnownFileType = wrapper.framework; name = CoreData.framework; path = System/Library/Frameworks/CoreData.framework; sourceTree = SDKROOT; };
		DA78340E1C1C38C900A767E3 /* SessionPrice.swift */ = {isa = PBXFileReference; fileEncoding = 4; lastKnownFileType = sourcecode.swift; path = SessionPrice.swift; sourceTree = "<group>"; };
		DA8E67151C324D1A00A2BCB6 /* CoreGraphics.framework */ = {isa = PBXFileReference; lastKnownFileType = wrapper.framework; name = CoreGraphics.framework; path = System/Library/Frameworks/CoreGraphics.framework; sourceTree = SDKROOT; };
		DA8E67171C324D2200A2BCB6 /* UIKit.framework */ = {isa = PBXFileReference; lastKnownFileType = wrapper.framework; name = UIKit.framework; path = System/Library/Frameworks/UIKit.framework; sourceTree = SDKROOT; };
		DA8E67191C324D2A00A2BCB6 /* Foundation.framework */ = {isa = PBXFileReference; lastKnownFileType = wrapper.framework; name = Foundation.framework; path = System/Library/Frameworks/Foundation.framework; sourceTree = SDKROOT; };
		DA8E671B1C32614600A2BCB6 /* Social.framework */ = {isa = PBXFileReference; lastKnownFileType = wrapper.framework; name = Social.framework; path = System/Library/Frameworks/Social.framework; sourceTree = SDKROOT; };
		DA8E671E1C326A6600A2BCB6 /* facebook.png */ = {isa = PBXFileReference; lastKnownFileType = image.png; name = facebook.png; path = Images/facebook.png; sourceTree = "<group>"; };
		DA8E67201C326A7000A2BCB6 /* Twitter.jpg */ = {isa = PBXFileReference; lastKnownFileType = image.jpeg; name = Twitter.jpg; path = Images/Twitter.jpg; sourceTree = "<group>"; };
		DA8E67221C32747600A2BCB6 /* cog_01@2x.png */ = {isa = PBXFileReference; lastKnownFileType = image.png; path = "cog_01@2x.png"; sourceTree = "<group>"; };
		DA8E67241C3274D500A2BCB6 /* house@2x.png */ = {isa = PBXFileReference; lastKnownFileType = image.png; path = "house@2x.png"; sourceTree = "<group>"; };
		DA8E67261C32753300A2BCB6 /* pacman@2x.png */ = {isa = PBXFileReference; lastKnownFileType = image.png; path = "pacman@2x.png"; sourceTree = "<group>"; };
		DA8E67281C3420E200A2BCB6 /* Icon180x180.png */ = {isa = PBXFileReference; lastKnownFileType = image.png; name = Icon180x180.png; path = Images/Icon180x180.png; sourceTree = "<group>"; };
		DA8E672A1C3425F800A2BCB6 /* Icon60x60.png */ = {isa = PBXFileReference; lastKnownFileType = image.png; name = Icon60x60.png; path = Images/Icon60x60.png; sourceTree = "<group>"; };
		DA8E672D1C3425F800A2BCB6 /* Icon76x76.png */ = {isa = PBXFileReference; lastKnownFileType = image.png; name = Icon76x76.png; path = Images/Icon76x76.png; sourceTree = "<group>"; };
		DA8E67301C3425F800A2BCB6 /* Icon80x80.png */ = {isa = PBXFileReference; lastKnownFileType = image.png; name = Icon80x80.png; path = Images/Icon80x80.png; sourceTree = "<group>"; };
		DA8E67331C3425F800A2BCB6 /* Icon120x120.png */ = {isa = PBXFileReference; lastKnownFileType = image.png; name = Icon120x120.png; path = Images/Icon120x120.png; sourceTree = "<group>"; };
		DA8E67361C3425F800A2BCB6 /* Icon152x152.png */ = {isa = PBXFileReference; lastKnownFileType = image.png; name = Icon152x152.png; path = Images/Icon152x152.png; sourceTree = "<group>"; };
		DA8E67391C3425F800A2BCB6 /* Icon167x167.png */ = {isa = PBXFileReference; lastKnownFileType = image.png; name = Icon167x167.png; path = Images/Icon167x167.png; sourceTree = "<group>"; };
		DA8E67501C34260B00A2BCB6 /* Icon1024x1024.png */ = {isa = PBXFileReference; lastKnownFileType = image.png; name = Icon1024x1024.png; path = Images/Icon1024x1024.png; sourceTree = "<group>"; };
		DA8E67581C34294500A2BCB6 /* Icon40x40.png */ = {isa = PBXFileReference; lastKnownFileType = image.png; name = Icon40x40.png; path = Images/Icon40x40.png; sourceTree = "<group>"; };
		DA8E675E1C3429F100A2BCB6 /* Icon29x29.png */ = {isa = PBXFileReference; lastKnownFileType = image.png; name = Icon29x29.png; path = Images/Icon29x29.png; sourceTree = "<group>"; };
		DA8E67641C342C0800A2BCB6 /* Icon58x58.png */ = {isa = PBXFileReference; lastKnownFileType = image.png; name = Icon58x58.png; path = Images/Icon58x58.png; sourceTree = "<group>"; };
		DA8E67661C342C7700A2BCB6 /* Icon87x87.png */ = {isa = PBXFileReference; lastKnownFileType = image.png; name = Icon87x87.png; path = Images/Icon87x87.png; sourceTree = "<group>"; };
/* End PBXFileReference section */

/* Begin PBXFrameworksBuildPhase section */
		DA27D5401C0C9C62001A132D /* Frameworks */ = {
			isa = PBXFrameworksBuildPhase;
			buildActionMask = 2147483647;
			files = (
				DA8E671C1C32614600A2BCB6 /* Social.framework in Frameworks */,
				DA000F041C369A5B00FD3667 /* StoreKit.framework in Frameworks */,
				DA8E671A1C324D2A00A2BCB6 /* Foundation.framework in Frameworks */,
				DA8E67181C324D2200A2BCB6 /* UIKit.framework in Frameworks */,
				DA8E67161C324D1A00A2BCB6 /* CoreGraphics.framework in Frameworks */,
				DA73ECCC1C1F0A9E00E1B2A4 /* CoreData.framework in Frameworks */,
				DA4475211C15CEA3004ABC04 /* iAd.framework in Frameworks */,
			);
			runOnlyForDeploymentPostprocessing = 0;
		};
		DA27D5561C0C9C62001A132D /* Frameworks */ = {
			isa = PBXFrameworksBuildPhase;
			buildActionMask = 2147483647;
			files = (
			);
			runOnlyForDeploymentPostprocessing = 0;
		};
		DA27D5611C0C9C62001A132D /* Frameworks */ = {
			isa = PBXFrameworksBuildPhase;
			buildActionMask = 2147483647;
			files = (
			);
			runOnlyForDeploymentPostprocessing = 0;
		};
/* End PBXFrameworksBuildPhase section */

/* Begin PBXGroup section */
		DA27D53A1C0C9C61001A132D = {
			isa = PBXGroup;
			children = (
				DA000F031C369A5B00FD3667 /* StoreKit.framework */,
				DA8E671D1C32695800A2BCB6 /* Images */,
				DA8E671B1C32614600A2BCB6 /* Social.framework */,
				DA8E67191C324D2A00A2BCB6 /* Foundation.framework */,
				DA8E67171C324D2200A2BCB6 /* UIKit.framework */,
				DA8E67151C324D1A00A2BCB6 /* CoreGraphics.framework */,
				DA73ECCB1C1F0A9E00E1B2A4 /* CoreData.framework */,
				DA4475201C15CEA3004ABC04 /* iAd.framework */,
				DA27D5451C0C9C62001A132D /* Booze Tracker */,
				DA27D55C1C0C9C62001A132D /* Booze TrackerTests */,
				DA27D5671C0C9C62001A132D /* Booze TrackerUITests */,
				DA27D5441C0C9C62001A132D /* Products */,
			);
			sourceTree = "<group>";
		};
		DA27D5441C0C9C62001A132D /* Products */ = {
			isa = PBXGroup;
			children = (
				DA27D5431C0C9C62001A132D /* Booze Tracker.app */,
				DA27D5591C0C9C62001A132D /* Booze TrackerTests.xctest */,
				DA27D5641C0C9C62001A132D /* Booze TrackerUITests.xctest */,
			);
			name = Products;
			sourceTree = "<group>";
		};
		DA27D5451C0C9C62001A132D /* Booze Tracker */ = {
			isa = PBXGroup;
			children = (
				DA27D5461C0C9C62001A132D /* AppDelegate.swift */,
				DA27D5481C0C9C62001A132D /* HomeViewController.swift */,
				DA27D54A1C0C9C62001A132D /* BoozeTrackerViewController.swift */,
				DA27D54C1C0C9C62001A132D /* Main.storyboard */,
				DA27D54F1C0C9C62001A132D /* Assets.xcassets */,
				DA27D5511C0C9C62001A132D /* LaunchScreen.storyboard */,
				DA27D5541C0C9C62001A132D /* Info.plist */,
				DA27D57A1C0CA43D001A132D /* SettingsViewController.swift */,
				DA78340E1C1C38C900A767E3 /* SessionPrice.swift */,
				DA5DAEEF1C30BC280014A4F7 /* PriceList.swift */,
				DA000F011C3682D900FD3667 /* LastSession.swift */,
			);
			path = "Booze Tracker";
			sourceTree = "<group>";
		};
		DA27D55C1C0C9C62001A132D /* Booze TrackerTests */ = {
			isa = PBXGroup;
			children = (
				DA27D55D1C0C9C62001A132D /* Booze_TrackerTests.swift */,
				DA27D55F1C0C9C62001A132D /* Info.plist */,
			);
			path = "Booze TrackerTests";
			sourceTree = "<group>";
		};
		DA27D5671C0C9C62001A132D /* Booze TrackerUITests */ = {
			isa = PBXGroup;
			children = (
				DA27D5681C0C9C62001A132D /* Booze_TrackerUITests.swift */,
				DA27D56A1C0C9C62001A132D /* Info.plist */,
			);
			path = "Booze TrackerUITests";
			sourceTree = "<group>";
		};
		DA8E671D1C32695800A2BCB6 /* Images */ = {
			isa = PBXGroup;
			children = (
				DA000EFF1C36524E00FD3667 /* LaunchImage.jpg */,
				DA8E67661C342C7700A2BCB6 /* Icon87x87.png */,
				DA8E67641C342C0800A2BCB6 /* Icon58x58.png */,
				DA8E675E1C3429F100A2BCB6 /* Icon29x29.png */,
				DA8E67581C34294500A2BCB6 /* Icon40x40.png */,
				DA8E67501C34260B00A2BCB6 /* Icon1024x1024.png */,
				DA8E672A1C3425F800A2BCB6 /* Icon60x60.png */,
				DA8E672D1C3425F800A2BCB6 /* Icon76x76.png */,
				DA8E67301C3425F800A2BCB6 /* Icon80x80.png */,
				DA8E67331C3425F800A2BCB6 /* Icon120x120.png */,
				DA8E67361C3425F800A2BCB6 /* Icon152x152.png */,
				DA8E67391C3425F800A2BCB6 /* Icon167x167.png */,
				DA8E67281C3420E200A2BCB6 /* Icon180x180.png */,
				DA8E67261C32753300A2BCB6 /* pacman@2x.png */,
				DA8E67241C3274D500A2BCB6 /* house@2x.png */,
				DA8E67221C32747600A2BCB6 /* cog_01@2x.png */,
				DA8E67201C326A7000A2BCB6 /* Twitter.jpg */,
				DA8E671E1C326A6600A2BCB6 /* facebook.png */,
			);
			name = Images;
			sourceTree = "<group>";
		};
/* End PBXGroup section */

/* Begin PBXNativeTarget section */
		DA27D5421C0C9C62001A132D /* Booze Tracker */ = {
			isa = PBXNativeTarget;
			buildConfigurationList = DA27D56D1C0C9C62001A132D /* Build configuration list for PBXNativeTarget "Booze Tracker" */;
			buildPhases = (
				DA27D53F1C0C9C62001A132D /* Sources */,
				DA27D5401C0C9C62001A132D /* Frameworks */,
				DA27D5411C0C9C62001A132D /* Resources */,
			);
			buildRules = (
			);
			dependencies = (
			);
			name = "Booze Tracker";
			productName = "Booze Tracker";
			productReference = DA27D5431C0C9C62001A132D /* Booze Tracker.app */;
			productType = "com.apple.product-type.application";
		};
		DA27D5581C0C9C62001A132D /* Booze TrackerTests */ = {
			isa = PBXNativeTarget;
			buildConfigurationList = DA27D5701C0C9C62001A132D /* Build configuration list for PBXNativeTarget "Booze TrackerTests" */;
			buildPhases = (
				DA27D5551C0C9C62001A132D /* Sources */,
				DA27D5561C0C9C62001A132D /* Frameworks */,
				DA27D5571C0C9C62001A132D /* Resources */,
			);
			buildRules = (
			);
			dependencies = (
				DA27D55B1C0C9C62001A132D /* PBXTargetDependency */,
			);
			name = "Booze TrackerTests";
			productName = "Booze TrackerTests";
			productReference = DA27D5591C0C9C62001A132D /* Booze TrackerTests.xctest */;
			productType = "com.apple.product-type.bundle.unit-test";
		};
		DA27D5631C0C9C62001A132D /* Booze TrackerUITests */ = {
			isa = PBXNativeTarget;
			buildConfigurationList = DA27D5731C0C9C62001A132D /* Build configuration list for PBXNativeTarget "Booze TrackerUITests" */;
			buildPhases = (
				DA27D5601C0C9C62001A132D /* Sources */,
				DA27D5611C0C9C62001A132D /* Frameworks */,
				DA27D5621C0C9C62001A132D /* Resources */,
			);
			buildRules = (
			);
			dependencies = (
				DA27D5661C0C9C62001A132D /* PBXTargetDependency */,
			);
			name = "Booze TrackerUITests";
			productName = "Booze TrackerUITests";
			productReference = DA27D5641C0C9C62001A132D /* Booze TrackerUITests.xctest */;
			productType = "com.apple.product-type.bundle.ui-testing";
		};
/* End PBXNativeTarget section */

/* Begin PBXProject section */
		DA27D53B1C0C9C61001A132D /* Project object */ = {
			isa = PBXProject;
			attributes = {
				LastSwiftUpdateCheck = 0710;
				LastUpgradeCheck = 0710;
				ORGANIZATIONNAME = "Planet K Games";
				TargetAttributes = {
					DA27D5421C0C9C62001A132D = {
						CreatedOnToolsVersion = 7.1.1;
						DevelopmentTeam = 6CGSY8527L;
						SystemCapabilities = {
							com.apple.InAppPurchase = {
								enabled = 1;
							};
						};
					};
					DA27D5581C0C9C62001A132D = {
						CreatedOnToolsVersion = 7.1.1;
						TestTargetID = DA27D5421C0C9C62001A132D;
					};
					DA27D5631C0C9C62001A132D = {
						CreatedOnToolsVersion = 7.1.1;
						TestTargetID = DA27D5421C0C9C62001A132D;
					};
				};
			};
			buildConfigurationList = DA27D53E1C0C9C61001A132D /* Build configuration list for PBXProject "Booze Tracker" */;
			compatibilityVersion = "Xcode 3.2";
			developmentRegion = English;
			hasScannedForEncodings = 0;
			knownRegions = (
				en,
				Base,
			);
			mainGroup = DA27D53A1C0C9C61001A132D;
			productRefGroup = DA27D5441C0C9C62001A132D /* Products */;
			projectDirPath = "";
			projectRoot = "";
			targets = (
				DA27D5421C0C9C62001A132D /* Booze Tracker */,
				DA27D5581C0C9C62001A132D /* Booze TrackerTests */,
				DA27D5631C0C9C62001A132D /* Booze TrackerUITests */,
			);
		};
/* End PBXProject section */

/* Begin PBXResourcesBuildPhase section */
		DA27D5411C0C9C62001A132D /* Resources */ = {
			isa = PBXResourcesBuildPhase;
			buildActionMask = 2147483647;
			files = (
				DA8E67481C3425F800A2BCB6 /* Icon152x152.png in Resources */,
				DA8E67421C3425F800A2BCB6 /* Icon80x80.png in Resources */,
				DA8E67251C3274D500A2BCB6 /* house@2x.png in Resources */,
				DA8E67671C342C7700A2BCB6 /* Icon87x87.png in Resources */,
				DA8E67611C3429F100A2BCB6 /* Icon29x29.png in Resources */,
				DA27D5531C0C9C62001A132D /* LaunchScreen.storyboard in Resources */,
				DA8E67651C342C0800A2BCB6 /* Icon58x58.png in Resources */,
				DA8E67271C32753300A2BCB6 /* pacman@2x.png in Resources */,
				DA8E671F1C326A6600A2BCB6 /* facebook.png in Resources */,
				DA8E675B1C34294500A2BCB6 /* Icon40x40.png in Resources */,
				DA8E674B1C3425F800A2BCB6 /* Icon167x167.png in Resources */,
				DA27D5501C0C9C62001A132D /* Assets.xcassets in Resources */,
				DA8E673F1C3425F800A2BCB6 /* Icon76x76.png in Resources */,
				DA8E67551C34260B00A2BCB6 /* Icon1024x1024.png in Resources */,
				DA8E67231C32747600A2BCB6 /* cog_01@2x.png in Resources */,
				DA8E67451C3425F800A2BCB6 /* Icon120x120.png in Resources */,
				DA8E67291C3420E200A2BCB6 /* Icon180x180.png in Resources */,
				DA000F001C36524E00FD3667 /* LaunchImage.jpg in Resources */,
				DA8E673C1C3425F800A2BCB6 /* Icon60x60.png in Resources */,
				DA8E67211C326A7000A2BCB6 /* Twitter.jpg in Resources */,
				DA27D54E1C0C9C62001A132D /* Main.storyboard in Resources */,
			);
			runOnlyForDeploymentPostprocessing = 0;
		};
		DA27D5571C0C9C62001A132D /* Resources */ = {
			isa = PBXResourcesBuildPhase;
			buildActionMask = 2147483647;
			files = (
			);
			runOnlyForDeploymentPostprocessing = 0;
		};
		DA27D5621C0C9C62001A132D /* Resources */ = {
			isa = PBXResourcesBuildPhase;
			buildActionMask = 2147483647;
			files = (
			);
			runOnlyForDeploymentPostprocessing = 0;
		};
/* End PBXResourcesBuildPhase section */

/* Begin PBXSourcesBuildPhase section */
		DA27D53F1C0C9C62001A132D /* Sources */ = {
			isa = PBXSourcesBuildPhase;
			buildActionMask = 2147483647;
			files = (
				DA5DAEF01C30BC280014A4F7 /* PriceList.swift in Sources */,
				DA78340F1C1C38C900A767E3 /* SessionPrice.swift in Sources */,
				DA27D54B1C0C9C62001A132D /* BoozeTrackerViewController.swift in Sources */,
				DA27D5471C0C9C62001A132D /* AppDelegate.swift in Sources */,
				DA000F021C3682D900FD3667 /* LastSession.swift in Sources */,
				DA27D5491C0C9C62001A132D /* HomeViewController.swift in Sources */,
				DA27D57B1C0CA43D001A132D /* SettingsViewController.swift in Sources */,
			);
			runOnlyForDeploymentPostprocessing = 0;
		};
		DA27D5551C0C9C62001A132D /* Sources */ = {
			isa = PBXSourcesBuildPhase;
			buildActionMask = 2147483647;
			files = (
				DA27D55E1C0C9C62001A132D /* Booze_TrackerTests.swift in Sources */,
			);
			runOnlyForDeploymentPostprocessing = 0;
		};
		DA27D5601C0C9C62001A132D /* Sources */ = {
			isa = PBXSourcesBuildPhase;
			buildActionMask = 2147483647;
			files = (
				DA27D5691C0C9C62001A132D /* Booze_TrackerUITests.swift in Sources */,
			);
			runOnlyForDeploymentPostprocessing = 0;
		};
/* End PBXSourcesBuildPhase section */

/* Begin PBXTargetDependency section */
		DA27D55B1C0C9C62001A132D /* PBXTargetDependency */ = {
			isa = PBXTargetDependency;
			target = DA27D5421C0C9C62001A132D /* Booze Tracker */;
			targetProxy = DA27D55A1C0C9C62001A132D /* PBXContainerItemProxy */;
		};
		DA27D5661C0C9C62001A132D /* PBXTargetDependency */ = {
			isa = PBXTargetDependency;
			target = DA27D5421C0C9C62001A132D /* Booze Tracker */;
			targetProxy = DA27D5651C0C9C62001A132D /* PBXContainerItemProxy */;
		};
/* End PBXTargetDependency section */

/* Begin PBXVariantGroup section */
		DA27D54C1C0C9C62001A132D /* Main.storyboard */ = {
			isa = PBXVariantGroup;
			children = (
				DA27D54D1C0C9C62001A132D /* Base */,
			);
			name = Main.storyboard;
			sourceTree = "<group>";
		};
		DA27D5511C0C9C62001A132D /* LaunchScreen.storyboard */ = {
			isa = PBXVariantGroup;
			children = (
				DA27D5521C0C9C62001A132D /* Base */,
			);
			name = LaunchScreen.storyboard;
			sourceTree = "<group>";
		};
/* End PBXVariantGroup section */

/* Begin XCBuildConfiguration section */
		DA27D56B1C0C9C62001A132D /* Debug */ = {
			isa = XCBuildConfiguration;
			buildSettings = {
				ALWAYS_SEARCH_USER_PATHS = NO;
				CLANG_CXX_LANGUAGE_STANDARD = "gnu++0x";
				CLANG_CXX_LIBRARY = "libc++";
				CLANG_ENABLE_MODULES = YES;
				CLANG_ENABLE_OBJC_ARC = YES;
				CLANG_WARN_BOOL_CONVERSION = YES;
				CLANG_WARN_CONSTANT_CONVERSION = YES;
				CLANG_WARN_DIRECT_OBJC_ISA_USAGE = YES_ERROR;
				CLANG_WARN_EMPTY_BODY = YES;
				CLANG_WARN_ENUM_CONVERSION = YES;
				CLANG_WARN_INT_CONVERSION = YES;
				CLANG_WARN_OBJC_ROOT_CLASS = YES_ERROR;
				CLANG_WARN_UNREACHABLE_CODE = YES;
				CLANG_WARN__DUPLICATE_METHOD_MATCH = YES;
				"CODE_SIGN_IDENTITY[sdk=iphoneos*]" = "iPhone Developer";
				COPY_PHASE_STRIP = NO;
				DEBUG_INFORMATION_FORMAT = dwarf;
				ENABLE_STRICT_OBJC_MSGSEND = YES;
				ENABLE_TESTABILITY = YES;
				GCC_C_LANGUAGE_STANDARD = gnu99;
				GCC_DYNAMIC_NO_PIC = NO;
				GCC_NO_COMMON_BLOCKS = YES;
				GCC_OPTIMIZATION_LEVEL = 0;
				GCC_PREPROCESSOR_DEFINITIONS = (
					"DEBUG=1",
					"$(inherited)",
				);
				GCC_WARN_64_TO_32_BIT_CONVERSION = YES;
				GCC_WARN_ABOUT_RETURN_TYPE = YES_ERROR;
				GCC_WARN_UNDECLARED_SELECTOR = YES;
				GCC_WARN_UNINITIALIZED_AUTOS = YES_AGGRESSIVE;
				GCC_WARN_UNUSED_FUNCTION = YES;
				GCC_WARN_UNUSED_VARIABLE = YES;
				IPHONEOS_DEPLOYMENT_TARGET = 9.1;
				MTL_ENABLE_DEBUG_INFO = YES;
				ONLY_ACTIVE_ARCH = YES;
				SDKROOT = iphoneos;
				SWIFT_OPTIMIZATION_LEVEL = "-Onone";
			};
			name = Debug;
		};
		DA27D56C1C0C9C62001A132D /* Release */ = {
			isa = XCBuildConfiguration;
			buildSettings = {
				ALWAYS_SEARCH_USER_PATHS = NO;
				CLANG_CXX_LANGUAGE_STANDARD = "gnu++0x";
				CLANG_CXX_LIBRARY = "libc++";
				CLANG_ENABLE_MODULES = YES;
				CLANG_ENABLE_OBJC_ARC = YES;
				CLANG_WARN_BOOL_CONVERSION = YES;
				CLANG_WARN_CONSTANT_CONVERSION = YES;
				CLANG_WARN_DIRECT_OBJC_ISA_USAGE = YES_ERROR;
				CLANG_WARN_EMPTY_BODY = YES;
				CLANG_WARN_ENUM_CONVERSION = YES;
				CLANG_WARN_INT_CONVERSION = YES;
				CLANG_WARN_OBJC_ROOT_CLASS = YES_ERROR;
				CLANG_WARN_UNREACHABLE_CODE = YES;
				CLANG_WARN__DUPLICATE_METHOD_MATCH = YES;
				"CODE_SIGN_IDENTITY[sdk=iphoneos*]" = "iPhone Developer";
				COPY_PHASE_STRIP = NO;
				DEBUG_INFORMATION_FORMAT = "dwarf-with-dsym";
				ENABLE_NS_ASSERTIONS = NO;
				ENABLE_STRICT_OBJC_MSGSEND = YES;
				GCC_C_LANGUAGE_STANDARD = gnu99;
				GCC_NO_COMMON_BLOCKS = YES;
				GCC_WARN_64_TO_32_BIT_CONVERSION = YES;
				GCC_WARN_ABOUT_RETURN_TYPE = YES_ERROR;
				GCC_WARN_UNDECLARED_SELECTOR = YES;
				GCC_WARN_UNINITIALIZED_AUTOS = YES_AGGRESSIVE;
				GCC_WARN_UNUSED_FUNCTION = YES;
				GCC_WARN_UNUSED_VARIABLE = YES;
				IPHONEOS_DEPLOYMENT_TARGET = 9.1;
				MTL_ENABLE_DEBUG_INFO = NO;
				SDKROOT = iphoneos;
				VALIDATE_PRODUCT = YES;
			};
			name = Release;
		};
		DA27D56E1C0C9C62001A132D /* Debug */ = {
			isa = XCBuildConfiguration;
			buildSettings = {
				ASSETCATALOG_COMPILER_APPICON_NAME = AppIcon;
				ASSETCATALOG_COMPILER_LAUNCHIMAGE_NAME = LaunchImage;
				CODE_SIGN_IDENTITY = "iPhone Developer";
				"CODE_SIGN_IDENTITY[sdk=iphoneos*]" = "iPhone Developer";
				INFOPLIST_FILE = "Booze Tracker/Info.plist";
				IPHONEOS_DEPLOYMENT_TARGET = 9.2;
				LD_RUNPATH_SEARCH_PATHS = "$(inherited) @executable_path/Frameworks";
				PRODUCT_BUNDLE_IDENTIFIER = "com.PlanetKGames.Booze-Tracker";
				PRODUCT_NAME = "$(TARGET_NAME)";
				PROVISIONING_PROFILE = "";
			};
			name = Debug;
		};
		DA27D56F1C0C9C62001A132D /* Release */ = {
			isa = XCBuildConfiguration;
			buildSettings = {
				ASSETCATALOG_COMPILER_APPICON_NAME = AppIcon;
				ASSETCATALOG_COMPILER_LAUNCHIMAGE_NAME = LaunchImage;
				CODE_SIGN_IDENTITY = "iPhone Developer";
				"CODE_SIGN_IDENTITY[sdk=iphoneos*]" = "iPhone Developer";
				INFOPLIST_FILE = "Booze Tracker/Info.plist";
				IPHONEOS_DEPLOYMENT_TARGET = 9.2;
				LD_RUNPATH_SEARCH_PATHS = "$(inherited) @executable_path/Frameworks";
				PRODUCT_BUNDLE_IDENTIFIER = "com.PlanetKGames.Booze-Tracker";
				PRODUCT_NAME = "$(TARGET_NAME)";
				PROVISIONING_PROFILE = "";
			};
			name = Release;
		};
		DA27D5711C0C9C62001A132D /* Debug */ = {
			isa = XCBuildConfiguration;
			buildSettings = {
				BUNDLE_LOADER = "$(TEST_HOST)";
				INFOPLIST_FILE = "Booze TrackerTests/Info.plist";
				LD_RUNPATH_SEARCH_PATHS = "$(inherited) @executable_path/Frameworks @loader_path/Frameworks";
				PRODUCT_BUNDLE_IDENTIFIER = "com.PlanetKGames.Booze-TrackerTests";
				PRODUCT_NAME = "$(TARGET_NAME)";
				TEST_HOST = "$(BUILT_PRODUCTS_DIR)/Booze Tracker.app/Booze Tracker";
			};
			name = Debug;
		};
		DA27D5721C0C9C62001A132D /* Release */ = {
			isa = XCBuildConfiguration;
			buildSettings = {
				BUNDLE_LOADER = "$(TEST_HOST)";
				INFOPLIST_FILE = "Booze TrackerTests/Info.plist";
				LD_RUNPATH_SEARCH_PATHS = "$(inherited) @executable_path/Frameworks @loader_path/Frameworks";
				PRODUCT_BUNDLE_IDENTIFIER = "com.PlanetKGames.Booze-TrackerTests";
				PRODUCT_NAME = "$(TARGET_NAME)";
				TEST_HOST = "$(BUILT_PRODUCTS_DIR)/Booze Tracker.app/Booze Tracker";
			};
			name = Release;
		};
		DA27D5741C0C9C62001A132D /* Debug */ = {
			isa = XCBuildConfiguration;
			buildSettings = {
				INFOPLIST_FILE = "Booze TrackerUITests/Info.plist";
				LD_RUNPATH_SEARCH_PATHS = "$(inherited) @executable_path/Frameworks @loader_path/Frameworks";
				PRODUCT_BUNDLE_IDENTIFIER = "com.PlanetKGames.Booze-TrackerUITests";
				PRODUCT_NAME = "$(TARGET_NAME)";
				TEST_TARGET_NAME = "Booze Tracker";
				USES_XCTRUNNER = YES;
			};
			name = Debug;
		};
		DA27D5751C0C9C62001A132D /* Release */ = {
			isa = XCBuildConfiguration;
			buildSettings = {
				INFOPLIST_FILE = "Booze TrackerUITests/Info.plist";
				LD_RUNPATH_SEARCH_PATHS = "$(inherited) @executable_path/Frameworks @loader_path/Frameworks";
				PRODUCT_BUNDLE_IDENTIFIER = "com.PlanetKGames.Booze-TrackerUITests";
				PRODUCT_NAME = "$(TARGET_NAME)";
				TEST_TARGET_NAME = "Booze Tracker";
				USES_XCTRUNNER = YES;
			};
			name = Release;
		};
/* End XCBuildConfiguration section */

/* Begin XCConfigurationList section */
		DA27D53E1C0C9C61001A132D /* Build configuration list for PBXProject "Booze Tracker" */ = {
			isa = XCConfigurationList;
			buildConfigurations = (
				DA27D56B1C0C9C62001A132D /* Debug */,
				DA27D56C1C0C9C62001A132D /* Release */,
			);
			defaultConfigurationIsVisible = 0;
			defaultConfigurationName = Release;
		};
		DA27D56D1C0C9C62001A132D /* Build configuration list for PBXNativeTarget "Booze Tracker" */ = {
			isa = XCConfigurationList;
			buildConfigurations = (
				DA27D56E1C0C9C62001A132D /* Debug */,
				DA27D56F1C0C9C62001A132D /* Release */,
			);
			defaultConfigurationIsVisible = 0;
			defaultConfigurationName = Release;
		};
		DA27D5701C0C9C62001A132D /* Build configuration list for PBXNativeTarget "Booze TrackerTests" */ = {
			isa = XCConfigurationList;
			buildConfigurations = (
				DA27D5711C0C9C62001A132D /* Debug */,
				DA27D5721C0C9C62001A132D /* Release */,
			);
			defaultConfigurationIsVisible = 0;
			defaultConfigurationName = Release;
		};
		DA27D5731C0C9C62001A132D /* Build configuration list for PBXNativeTarget "Booze TrackerUITests" */ = {
			isa = XCConfigurationList;
			buildConfigurations = (
				DA27D5741C0C9C62001A132D /* Debug */,
				DA27D5751C0C9C62001A132D /* Release */,
			);
			defaultConfigurationIsVisible = 0;
			defaultConfigurationName = Release;
		};
/* End XCConfigurationList section */
	};
	rootObject = DA27D53B1C0C9C61001A132D /* Project object */;
}
